
Microsoft Visual Studio Solution File, Format Version 12.00
# Visual Studio Version 18
VisualStudioVersion = 18.6.11822.322 stable
MinimumVisualStudioVersion = 10.0.40219.1
Project("{FAE04EC0-301F-11D3-BF4B-00C04F79EFBC}") = "RamaisManager", "RamaisManager.csproj", "{2CA19817-0631-CB70-5548-2FCB8EF9EF98}"
EndProject
Global
	GlobalSection(SolutionConfigurationPlatforms) = preSolution
		Debug|Any CPU = Debug|Any CPU
		Release|Any CPU = Release|Any CPU
	EndGlobalSection
	GlobalSection(ProjectConfigurationPlatforms) = postSolution
		{2CA19817-0631-CB70-5548-2FCB8EF9EF98}.Debug|Any CPU.ActiveCfg = Debug|Any CPU
		{2CA19817-0631-CB70-5548-2FCB8EF9EF98}.Debug|Any CPU.Build.0 = Debug|Any CPU
		{2CA19817-0631-CB70-5548-2FCB8EF9EF98}.Release|Any CPU.ActiveCfg = Release|Any CPU
		{2CA19817-0631-CB70-5548-2FCB8EF9EF98}.Release|Any CPU.Build.0 = Release|Any CPU
	EndGlobalSection
	GlobalSection(SolutionProperties) = preSolution
		HideSolutionNode = FALSE
	EndGlobalSection
	GlobalSection(ExtensibilityGlobals) = postSolution
		SolutionGuid = {21EF3693-3AD9-4190-900F-AF567E58F64F}
	EndGlobalSection
EndGlobal
